
Microsoft Visual Studio Solution File, Format Version 12.00
# Visual Studio Version 17
VisualStudioVersion = 17.4.33213.308
MinimumVisualStudioVersion = 10.0.40219.1
Project("{FAE04EC0-301F-11D3-BF4B-00C04F79EFBC}") = "ConsoleApp13", "ConsoleApp13\ConsoleApp13.csproj", "{7BF216FB-D8C2-449A-90E5-68F9DC19DFAA}"
EndProject
Project("{FAE04EC0-301F-11D3-BF4B-00C04F79EFBC}") = "ConsoleApp4", "ConsoleApp4\ConsoleApp4.csproj", "{A073E4F2-618B-4D98-B92A-D86C2D8381B0}"
EndProject
Project("{9A19103F-16F7-4668-BE54-9A1E7A4F7556}") = "WinFormsApp3", "WinFormsApp3\WinFormsApp3.csproj", "{1E2EDCF3-F6FF-4CF3-8EBB-2BCCAED10D06}"
EndProject
Global
	GlobalSection(SolutionConfigurationPlatforms) = preSolution
		Debug|Any CPU = Debug|Any CPU
		Release|Any CPU = Release|Any CPU
	EndGlobalSection
	GlobalSection(ProjectConfigurationPlatforms) = postSolution
		{7BF216FB-D8C2-449A-90E5-68F9DC19DFAA}.Debug|Any CPU.ActiveCfg = Debug|Any CPU
		{7BF216FB-D8C2-449A-90E5-68F9DC19DFAA}.Debug|Any CPU.Build.0 = Debug|Any CPU
		{7BF216FB-D8C2-449A-90E5-68F9DC19DFAA}.Release|Any CPU.ActiveCfg = Release|Any CPU
		{7BF216FB-D8C2-449A-90E5-68F9DC19DFAA}.Release|Any CPU.Build.0 = Release|Any CPU
		{A073E4F2-618B-4D98-B92A-D86C2D8381B0}.Debug|Any CPU.ActiveCfg = Debug|Any CPU
		{A073E4F2-618B-4D98-B92A-D86C2D8381B0}.Debug|Any CPU.Build.0 = Debug|Any CPU
		{A073E4F2-618B-4D98-B92A-D86C2D8381B0}.Release|Any CPU.ActiveCfg = Release|Any CPU
		{A073E4F2-618B-4D98-B92A-D86C2D8381B0}.Release|Any CPU.Build.0 = Release|Any CPU
		{1E2EDCF3-F6FF-4CF3-8EBB-2BCCAED10D06}.Debug|Any CPU.ActiveCfg = Debug|Any CPU
		{1E2EDCF3-F6FF-4CF3-8EBB-2BCCAED10D06}.Debug|Any CPU.Build.0 = Debug|Any CPU
		{1E2EDCF3-F6FF-4CF3-8EBB-2BCCAED10D06}.Release|Any CPU.ActiveCfg = Release|Any CPU
		{1E2EDCF3-F6FF-4CF3-8EBB-2BCCAED10D06}.Release|Any CPU.Build.0 = Release|Any CPU
	EndGlobalSection
	GlobalSection(SolutionProperties) = preSolution
		HideSolutionNode = FALSE
	EndGlobalSection
	GlobalSection(ExtensibilityGlobals) = postSolution
		SolutionGuid = {16F581CC-03D5-4581-9803-7A794E8BCA36}
	EndGlobalSection
EndGlobal
